
Microsoft Visual Studio Solution File, Format Version 11.00
# Visual C# Express 2010
Project("{FAE04EC0-301F-11D3-BF4B-00C04F79EFBC}") = "WindowsFormsApplication8", "WindowsFormsApplication8.csproj", "{B7E40B89-B767-4ADE-83C8-77E40AFE5E5F}"
EndProject
Global
	GlobalSection(SolutionConfigurationPlatforms) = preSolution
		Debug|x86 = Debug|x86
		Release|x86 = Release|x86
	EndGlobalSection
	GlobalSection(ProjectConfigurationPlatforms) = postSolution
		{B7E40B89-B767-4ADE-83C8-77E40AFE5E5F}.Debug|x86.ActiveCfg = Debug|x86
		{B7E40B89-B767-4ADE-83C8-77E40AFE5E5F}.Debug|x86.Build.0 = Debug|x86
		{B7E40B89-B767-4ADE-83C8-77E40AFE5E5F}.Release|x86.ActiveCfg = Release|x86
		{B7E40B89-B767-4ADE-83C8-77E40AFE5E5F}.Release|x86.Build.0 = Release|x86
	EndGlobalSection
	GlobalSection(SolutionProperties) = preSolution
		HideSolutionNode = FALSE
	EndGlobalSection
EndGlobal
